
Microsoft Visual Studio Solution File, Format Version 12.00
# Visual Studio Version 17
VisualStudioVersion = 17.2.32630.192
MinimumVisualStudioVersion = 10.0.40219.1
Project("{FAE04EC0-301F-11D3-BF4B-00C04F79EFBC}") = "GitHub_Test", "GitHub_Test\GitHub_Test.csproj", "{BD852159-C838-4959-A6CF-AA48A852FC80}"
EndProject
Global
	GlobalSection(SolutionConfigurationPlatforms) = preSolution
		Debug|Any CPU = Debug|Any CPU
		Release|Any CPU = Release|Any CPU
	EndGlobalSection
	GlobalSection(ProjectConfigurationPlatforms) = postSolution
		{BD852159-C838-4959-A6CF-AA48A852FC80}.Debug|Any CPU.ActiveCfg = Debug|Any CPU
		{BD852159-C838-4959-A6CF-AA48A852FC80}.Debug|Any CPU.Build.0 = Debug|Any CPU
		{BD852159-C838-4959-A6CF-AA48A852FC80}.Release|Any CPU.ActiveCfg = Release|Any CPU
		{BD852159-C838-4959-A6CF-AA48A852FC80}.Release|Any CPU.Build.0 = Release|Any CPU
	EndGlobalSection
	GlobalSection(SolutionProperties) = preSolution
		HideSolutionNode = FALSE
	EndGlobalSection
	GlobalSection(ExtensibilityGlobals) = postSolution
		SolutionGuid = {838EC7AE-A533-461E-BCEA-449830B9BE2C}
	EndGlobalSection
EndGlobal
